
Microsoft Visual Studio Solution File, Format Version 12.00
# Visual Studio Version 17
VisualStudioVersion = 17.0.31903.59
MinimumVisualStudioVersion = 10.0.40219.1
Project("{2150E333-8FDC-42A3-9474-1A3956D46DE8}") = "src", "src", "{D3994E18-CC89-4E24-834C-7FC54BF046B5}"
EndProject
Project("{FAE04EC0-301F-11D3-BF4B-00C04F79EFBC}") = "Application", "src\Application\Application.csproj", "{52758577-783F-4C47-A191-634574839440}"
EndProject
Project("{FAE04EC0-301F-11D3-BF4B-00C04F79EFBC}") = "Domain", "src\Domain\Domain.csproj", "{7A74AD04-7322-4601-A8A6-30EDB6CDE661}"
EndProject
Project("{FAE04EC0-301F-11D3-BF4B-00C04F79EFBC}") = "Infrastructure", "src\Infrastructure\Infrastructure.csproj", "{494C0858-1C43-41E2-BF5A-77393BC4449A}"
EndProject
Project("{FAE04EC0-301F-11D3-BF4B-00C04F79EFBC}") = "WebApi", "src\WebApi\WebApi.csproj", "{E81A01BC-255E-4F52-8596-4CB42FE15C69}"
EndProject
Global
	GlobalSection(SolutionProperties) = preSolution
		HideSolutionNode = FALSE
	EndGlobalSection
	GlobalSection(ExtensibilityGlobals) = postSolution
		SolutionGuid = {F6F56CBD-ED78-460A-A45A-D195F0B2DDB2}
	EndGlobalSection
	GlobalSection(SolutionConfigurationPlatforms) = preSolution
		Debug|Any CPU = Debug|Any CPU
		Debug|x64 = Debug|x64
		Debug|x86 = Debug|x86
		Release|Any CPU = Release|Any CPU
		Release|x64 = Release|x64
		Release|x86 = Release|x86
	EndGlobalSection
	GlobalSection(ProjectConfigurationPlatforms) = postSolution
		{52758577-783F-4C47-A191-634574839440}.Debug|Any CPU.ActiveCfg = Debug|Any CPU
		{52758577-783F-4C47-A191-634574839440}.Debug|Any CPU.Build.0 = Debug|Any CPU
		{52758577-783F-4C47-A191-634574839440}.Debug|x64.ActiveCfg = Debug|Any CPU
		{52758577-783F-4C47-A191-634574839440}.Debug|x64.Build.0 = Debug|Any CPU
		{52758577-783F-4C47-A191-634574839440}.Debug|x86.ActiveCfg = Debug|Any CPU
		{52758577-783F-4C47-A191-634574839440}.Debug|x86.Build.0 = Debug|Any CPU
		{52758577-783F-4C47-A191-634574839440}.Release|Any CPU.ActiveCfg = Release|Any CPU
		{52758577-783F-4C47-A191-634574839440}.Release|Any CPU.Build.0 = Release|Any CPU
		{52758577-783F-4C47-A191-634574839440}.Release|x64.ActiveCfg = Release|Any CPU
		{52758577-783F-4C47-A191-634574839440}.Release|x64.Build.0 = Release|Any CPU
		{52758577-783F-4C47-A191-634574839440}.Release|x86.ActiveCfg = Release|Any CPU
		{52758577-783F-4C47-A191-634574839440}.Release|x86.Build.0 = Release|Any CPU
		{7A74AD04-7322-4601-A8A6-30EDB6CDE661}.Debug|Any CPU.ActiveCfg = Debug|Any CPU
		{7A74AD04-7322-4601-A8A6-30EDB6CDE661}.Debug|Any CPU.Build.0 = Debug|Any CPU
		{7A74AD04-7322-4601-A8A6-30EDB6CDE661}.Debug|x64.ActiveCfg = Debug|Any CPU
		{7A74AD04-7322-4601-A8A6-30EDB6CDE661}.Debug|x64.Build.0 = Debug|Any CPU
		{7A74AD04-7322-4601-A8A6-30EDB6CDE661}.Debug|x86.ActiveCfg = Debug|Any CPU
		{7A74AD04-7322-4601-A8A6-30EDB6CDE661}.Debug|x86.Build.0 = Debug|Any CPU
		{7A74AD04-7322-4601-A8A6-30EDB6CDE661}.Release|Any CPU.ActiveCfg = Release|Any CPU
		{7A74AD04-7322-4601-A8A6-30EDB6CDE661}.Release|Any CPU.Build.0 = Release|Any CPU
		{7A74AD04-7322-4601-A8A6-30EDB6CDE661}.Release|x64.ActiveCfg = Release|Any CPU
		{7A74AD04-7322-4601-A8A6-30EDB6CDE661}.Release|x64.Build.0 = Release|Any CPU
		{7A74AD04-7322-4601-A8A6-30EDB6CDE661}.Release|x86.ActiveCfg = Release|Any CPU
		{7A74AD04-7322-4601-A8A6-30EDB6CDE661}.Release|x86.Build.0 = Release|Any CPU
		{494C0858-1C43-41E2-BF5A-77393BC4449A}.Debug|Any CPU.ActiveCfg = Debug|Any CPU
		{494C0858-1C43-41E2-BF5A-77393BC4449A}.Debug|Any CPU.Build.0 = Debug|Any CPU
		{494C0858-1C43-41E2-BF5A-77393BC4449A}.Debug|x64.ActiveCfg = Debug|Any CPU
		{494C0858-1C43-41E2-BF5A-77393BC4449A}.Debug|x64.Build.0 = Debug|Any CPU
		{494C0858-1C43-41E2-BF5A-77393BC4449A}.Debug|x86.ActiveCfg = Debug|Any CPU
		{494C0858-1C43-41E2-BF5A-77393BC4449A}.Debug|x86.Build.0 = Debug|Any CPU
		{494C0858-1C43-41E2-BF5A-77393BC4449A}.Release|Any CPU.ActiveCfg = Release|Any CPU
		{494C0858-1C43-41E2-BF5A-77393BC4449A}.Release|Any CPU.Build.0 = Release|Any CPU
		{494C0858-1C43-41E2-BF5A-77393BC4449A}.Release|x64.ActiveCfg = Release|Any CPU
		{494C0858-1C43-41E2-BF5A-77393BC4449A}.Release|x64.Build.0 = Release|Any CPU
		{494C0858-1C43-41E2-BF5A-77393BC4449A}.Release|x86.ActiveCfg = Release|Any CPU
		{494C0858-1C43-41E2-BF5A-77393BC4449A}.Release|x86.Build.0 = Release|Any CPU
		{E81A01BC-255E-4F52-8596-4CB42FE15C69}.Debug|Any CPU.ActiveCfg = Debug|Any CPU
		{E81A01BC-255E-4F52-8596-4CB42FE15C69}.Debug|Any CPU.Build.0 = Debug|Any CPU
		{E81A01BC-255E-4F52-8596-4CB42FE15C69}.Debug|x64.ActiveCfg = Debug|Any CPU
		{E81A01BC-255E-4F52-8596-4CB42FE15C69}.Debug|x64.Build.0 = Debug|Any CPU
		{E81A01BC-255E-4F52-8596-4CB42FE15C69}.Debug|x86.ActiveCfg = Debug|Any CPU
		{E81A01BC-255E-4F52-8596-4CB42FE15C69}.Debug|x86.Build.0 = Debug|Any CPU
		{E81A01BC-255E-4F52-8596-4CB42FE15C69}.Release|Any CPU.ActiveCfg = Release|Any CPU
		{E81A01BC-255E-4F52-8596-4CB42FE15C69}.Release|Any CPU.Build.0 = Release|Any CPU
		{E81A01BC-255E-4F52-8596-4CB42FE15C69}.Release|x64.ActiveCfg = Release|Any CPU
		{E81A01BC-255E-4F52-8596-4CB42FE15C69}.Release|x64.Build.0 = Release|Any CPU
		{E81A01BC-255E-4F52-8596-4CB42FE15C69}.Release|x86.ActiveCfg = Release|Any CPU
		{E81A01BC-255E-4F52-8596-4CB42FE15C69}.Release|x86.Build.0 = Release|Any CPU
	EndGlobalSection
	GlobalSection(NestedProjects) = preSolution
		{52758577-783F-4C47-A191-634574839440} = {D3994E18-CC89-4E24-834C-7FC54BF046B5}
		{7A74AD04-7322-4601-A8A6-30EDB6CDE661} = {D3994E18-CC89-4E24-834C-7FC54BF046B5}
		{494C0858-1C43-41E2-BF5A-77393BC4449A} = {D3994E18-CC89-4E24-834C-7FC54BF046B5}
		{E81A01BC-255E-4F52-8596-4CB42FE15C69} = {D3994E18-CC89-4E24-834C-7FC54BF046B5}
	EndGlobalSection
EndGlobal
